
Microsoft Visual Studio Solution File, Format Version 12.00
Project("{FAE04EC0-301F-11D3-BF4B-00C04F79EFBC}") = "EatConscious", "EatConscious\EatConscious.csproj", "{32245257-5233-4017-82E6-7F7529517B9C}"
EndProject
Project("{FAE04EC0-301F-11D3-BF4B-00C04F79EFBC}") = "EatConscious.Tests", "EatConscious.Tests\EatConscious.Tests.csproj", "{33FE8961-544B-4182-91BF-CF37BB9461E8}"
EndProject
Global
	GlobalSection(SolutionConfigurationPlatforms) = preSolution
		Debug|Any CPU = Debug|Any CPU
		Debug|x64 = Debug|x64
		Debug|x86 = Debug|x86
		Release|Any CPU = Release|Any CPU
		Release|x64 = Release|x64
		Release|x86 = Release|x86
	EndGlobalSection
	GlobalSection(ProjectConfigurationPlatforms) = postSolution
		{32245257-5233-4017-82E6-7F7529517B9C}.Debug|Any CPU.ActiveCfg = Debug|Any CPU
		{32245257-5233-4017-82E6-7F7529517B9C}.Debug|Any CPU.Build.0 = Debug|Any CPU
		{32245257-5233-4017-82E6-7F7529517B9C}.Debug|x64.ActiveCfg = Debug|Any CPU
		{32245257-5233-4017-82E6-7F7529517B9C}.Debug|x64.Build.0 = Debug|Any CPU
		{32245257-5233-4017-82E6-7F7529517B9C}.Debug|x86.ActiveCfg = Debug|Any CPU
		{32245257-5233-4017-82E6-7F7529517B9C}.Debug|x86.Build.0 = Debug|Any CPU
		{32245257-5233-4017-82E6-7F7529517B9C}.Release|Any CPU.ActiveCfg = Release|Any CPU
		{32245257-5233-4017-82E6-7F7529517B9C}.Release|Any CPU.Build.0 = Release|Any CPU
		{32245257-5233-4017-82E6-7F7529517B9C}.Release|x64.ActiveCfg = Release|Any CPU
		{32245257-5233-4017-82E6-7F7529517B9C}.Release|x64.Build.0 = Release|Any CPU
		{32245257-5233-4017-82E6-7F7529517B9C}.Release|x86.ActiveCfg = Release|Any CPU
		{32245257-5233-4017-82E6-7F7529517B9C}.Release|x86.Build.0 = Release|Any CPU
		{33FE8961-544B-4182-91BF-CF37BB9461E8}.Debug|Any CPU.ActiveCfg = Debug|Any CPU
		{33FE8961-544B-4182-91BF-CF37BB9461E8}.Debug|Any CPU.Build.0 = Debug|Any CPU
		{33FE8961-544B-4182-91BF-CF37BB9461E8}.Debug|x64.ActiveCfg = Debug|Any CPU
		{33FE8961-544B-4182-91BF-CF37BB9461E8}.Debug|x64.Build.0 = Debug|Any CPU
		{33FE8961-544B-4182-91BF-CF37BB9461E8}.Debug|x86.ActiveCfg = Debug|Any CPU
		{33FE8961-544B-4182-91BF-CF37BB9461E8}.Debug|x86.Build.0 = Debug|Any CPU
		{33FE8961-544B-4182-91BF-CF37BB9461E8}.Release|Any CPU.ActiveCfg = Release|Any CPU
		{33FE8961-544B-4182-91BF-CF37BB9461E8}.Release|Any CPU.Build.0 = Release|Any CPU
		{33FE8961-544B-4182-91BF-CF37BB9461E8}.Release|x64.ActiveCfg = Release|Any CPU
		{33FE8961-544B-4182-91BF-CF37BB9461E8}.Release|x64.Build.0 = Release|Any CPU
		{33FE8961-544B-4182-91BF-CF37BB9461E8}.Release|x86.ActiveCfg = Release|Any CPU
		{33FE8961-544B-4182-91BF-CF37BB9461E8}.Release|x86.Build.0 = Release|Any CPU
	EndGlobalSection
	GlobalSection(SolutionProperties) = preSolution
		HideSolutionNode = FALSE
	EndGlobalSection
EndGlobal
